// !$*UTF8*$!
{
	archiveVersion = 1;
	classes = {
	};
	objectVersion = 56;
	objects = {

/* Begin PBXBuildFile section */
		A1000001 /* AppDelegate.swift in Sources */ = {isa = PBXBuildFile; fileRef = B1000001; };
		A1000002 /* GameViewController.swift in Sources */ = {isa = PBXBuildFile; fileRef = B1000002; };
		A1000003 /* GameScene.swift in Sources */ = {isa = PBXBuildFile; fileRef = B1000003; };
		A1000004 /* Constants.swift in Sources */ = {isa = PBXBuildFile; fileRef = B1000004; };
		A1000005 /* IsometricMath.swift in Sources */ = {isa = PBXBuildFile; fileRef = B1000005; };
		A1000006 /* TileType.swift in Sources */ = {isa = PBXBuildFile; fileRef = B1000006; };
		A1000008 /* Entity.swift in Sources */ = {isa = PBXBuildFile; fileRef = B1000008; };
		A1000009 /* Player.swift in Sources */ = {isa = PBXBuildFile; fileRef = B1000009; };
		A1000010 /* Enemy.swift in Sources */ = {isa = PBXBuildFile; fileRef = B1000010; };
		A1000011 /* VirtualJoystick.swift in Sources */ = {isa = PBXBuildFile; fileRef = B1000011; };
		A1000012 /* Bullet.swift in Sources */ = {isa = PBXBuildFile; fileRef = B1000012; };
		A1000013 /* CombatSystem.swift in Sources */ = {isa = PBXBuildFile; fileRef = B1000013; };
		A1000014 /* HUD.swift in Sources */ = {isa = PBXBuildFile; fileRef = B1000014; };
		A1000015 /* LaunchScreen.storyboard in Resources */ = {isa = PBXBuildFile; fileRef = B1000015; };
		A2000001 /* PerlinNoise.swift in Sources */ = {isa = PBXBuildFile; fileRef = B2000001; };
		A2000002 /* SeededRNG.swift in Sources */ = {isa = PBXBuildFile; fileRef = B2000002; };
		A2000003 /* ChunkCoord.swift in Sources */ = {isa = PBXBuildFile; fileRef = B2000003; };
		A2000004 /* Chunk.swift in Sources */ = {isa = PBXBuildFile; fileRef = B2000004; };
		A2000005 /* DungeonGenerator.swift in Sources */ = {isa = PBXBuildFile; fileRef = B2000005; };
		A2000006 /* WorldManager.swift in Sources */ = {isa = PBXBuildFile; fileRef = B2000006; };
		A2000007 /* ItemType.swift in Sources */ = {isa = PBXBuildFile; fileRef = B2000007; };
		A2000008 /* WorldItem.swift in Sources */ = {isa = PBXBuildFile; fileRef = B2000008; };
		A2000009 /* SpawnTrigger.swift in Sources */ = {isa = PBXBuildFile; fileRef = B2000009; };
		A2000010 /* ItemSpawner.swift in Sources */ = {isa = PBXBuildFile; fileRef = B2000010; };
/* End PBXBuildFile section */

/* Begin PBXFileReference section */
		B0000001 /* IsometricRPG.app */ = {isa = PBXFileReference; explicitFileType = wrapper.application; includeInIndex = 0; path = IsometricRPG.app; sourceTree = BUILT_PRODUCTS_DIR; };
		B1000001 /* AppDelegate.swift */ = {isa = PBXFileReference; lastKnownFileType = sourcecode.swift; path = AppDelegate.swift; sourceTree = "<group>"; };
		B1000002 /* GameViewController.swift */ = {isa = PBXFileReference; lastKnownFileType = sourcecode.swift; path = GameViewController.swift; sourceTree = "<group>"; };
		B1000003 /* GameScene.swift */ = {isa = PBXFileReference; lastKnownFileType = sourcecode.swift; path = GameScene.swift; sourceTree = "<group>"; };
		B1000004 /* Constants.swift */ = {isa = PBXFileReference; lastKnownFileType = sourcecode.swift; path = Constants.swift; sourceTree = "<group>"; };
		B1000005 /* IsometricMath.swift */ = {isa = PBXFileReference; lastKnownFileType = sourcecode.swift; path = IsometricMath.swift; sourceTree = "<group>"; };
		B1000006 /* TileType.swift */ = {isa = PBXFileReference; lastKnownFileType = sourcecode.swift; path = TileType.swift; sourceTree = "<group>"; };
		B1000008 /* Entity.swift */ = {isa = PBXFileReference; lastKnownFileType = sourcecode.swift; path = Entity.swift; sourceTree = "<group>"; };
		B1000009 /* Player.swift */ = {isa = PBXFileReference; lastKnownFileType = sourcecode.swift; path = Player.swift; sourceTree = "<group>"; };
		B1000010 /* Enemy.swift */ = {isa = PBXFileReference; lastKnownFileType = sourcecode.swift; path = Enemy.swift; sourceTree = "<group>"; };
		B1000011 /* VirtualJoystick.swift */ = {isa = PBXFileReference; lastKnownFileType = sourcecode.swift; path = VirtualJoystick.swift; sourceTree = "<group>"; };
		B1000012 /* Bullet.swift */ = {isa = PBXFileReference; lastKnownFileType = sourcecode.swift; path = Bullet.swift; sourceTree = "<group>"; };
		B1000013 /* CombatSystem.swift */ = {isa = PBXFileReference; lastKnownFileType = sourcecode.swift; path = CombatSystem.swift; sourceTree = "<group>"; };
		B1000014 /* HUD.swift */ = {isa = PBXFileReference; lastKnownFileType = sourcecode.swift; path = HUD.swift; sourceTree = "<group>"; };
		B1000015 /* LaunchScreen.storyboard */ = {isa = PBXFileReference; lastKnownFileType = file.storyboard; path = LaunchScreen.storyboard; sourceTree = "<group>"; };
		B1000016 /* Info.plist */ = {isa = PBXFileReference; lastKnownFileType = text.plist.xml; path = Info.plist; sourceTree = "<group>"; };
		B2000001 /* PerlinNoise.swift */ = {isa = PBXFileReference; lastKnownFileType = sourcecode.swift; path = PerlinNoise.swift; sourceTree = "<group>"; };
		B2000002 /* SeededRNG.swift */ = {isa = PBXFileReference; lastKnownFileType = sourcecode.swift; path = SeededRNG.swift; sourceTree = "<group>"; };
		B2000003 /* ChunkCoord.swift */ = {isa = PBXFileReference; lastKnownFileType = sourcecode.swift; path = ChunkCoord.swift; sourceTree = "<group>"; };
		B2000004 /* Chunk.swift */ = {isa = PBXFileReference; lastKnownFileType = sourcecode.swift; path = Chunk.swift; sourceTree = "<group>"; };
		B2000005 /* DungeonGenerator.swift */ = {isa = PBXFileReference; lastKnownFileType = sourcecode.swift; path = DungeonGenerator.swift; sourceTree = "<group>"; };
		B2000006 /* WorldManager.swift */ = {isa = PBXFileReference; lastKnownFileType = sourcecode.swift; path = WorldManager.swift; sourceTree = "<group>"; };
		B2000007 /* ItemType.swift */ = {isa = PBXFileReference; lastKnownFileType = sourcecode.swift; path = ItemType.swift; sourceTree = "<group>"; };
		B2000008 /* WorldItem.swift */ = {isa = PBXFileReference; lastKnownFileType = sourcecode.swift; path = WorldItem.swift; sourceTree = "<group>"; };
		B2000009 /* SpawnTrigger.swift */ = {isa = PBXFileReference; lastKnownFileType = sourcecode.swift; path = SpawnTrigger.swift; sourceTree = "<group>"; };
		B2000010 /* ItemSpawner.swift */ = {isa = PBXFileReference; lastKnownFileType = sourcecode.swift; path = ItemSpawner.swift; sourceTree = "<group>"; };
/* End PBXFileReference section */

/* Begin PBXFrameworksBuildPhase section */
		C0000001 /* Frameworks */ = {
			isa = PBXFrameworksBuildPhase;
			buildActionMask = 2147483647;
			files = (
			);
			runOnlyForDeploymentPostprocessing = 0;
		};
/* End PBXFrameworksBuildPhase section */

/* Begin PBXGroup section */
		D0000001 = {
			isa = PBXGroup;
			children = (
				D0000002 /* IsometricRPG */,
				D0000010 /* Products */,
			);
			sourceTree = "<group>";
		};
		D0000002 /* IsometricRPG */ = {
			isa = PBXGroup;
			children = (
				D0000003 /* App */,
				D0000004 /* Engine */,
				D0000005 /* World */,
				D0000006 /* Entities */,
				D0000007 /* Combat */,
				D0000008 /* Input */,
				D0000009 /* UI */,
				D0000011 /* Utils */,
				D0000012 /* Items */,
			);
			path = IsometricRPG;
			sourceTree = "<group>";
		};
		D0000003 /* App */ = {
			isa = PBXGroup;
			children = (
				B1000001 /* AppDelegate.swift */,
				B1000002 /* GameViewController.swift */,
				B1000015 /* LaunchScreen.storyboard */,
				B1000016 /* Info.plist */,
			);
			path = App;
			sourceTree = "<group>";
		};
		D0000004 /* Engine */ = {
			isa = PBXGroup;
			children = (
				B1000003 /* GameScene.swift */,
			);
			path = Engine;
			sourceTree = "<group>";
		};
		D0000005 /* World */ = {
			isa = PBXGroup;
			children = (
				B1000006 /* TileType.swift */,
				B2000003 /* ChunkCoord.swift */,
				B2000004 /* Chunk.swift */,
				B2000005 /* DungeonGenerator.swift */,
				B2000006 /* WorldManager.swift */,
			);
			path = World;
			sourceTree = "<group>";
		};
		D0000006 /* Entities */ = {
			isa = PBXGroup;
			children = (
				B1000008 /* Entity.swift */,
				B1000009 /* Player.swift */,
				B1000010 /* Enemy.swift */,
			);
			path = Entities;
			sourceTree = "<group>";
		};
		D0000007 /* Combat */ = {
			isa = PBXGroup;
			children = (
				B1000012 /* Bullet.swift */,
				B1000013 /* CombatSystem.swift */,
			);
			path = Combat;
			sourceTree = "<group>";
		};
		D0000008 /* Input */ = {
			isa = PBXGroup;
			children = (
				B1000011 /* VirtualJoystick.swift */,
			);
			path = Input;
			sourceTree = "<group>";
		};
		D0000009 /* UI */ = {
			isa = PBXGroup;
			children = (
				B1000014 /* HUD.swift */,
			);
			path = UI;
			sourceTree = "<group>";
		};
		D0000010 /* Products */ = {
			isa = PBXGroup;
			children = (
				B0000001 /* IsometricRPG.app */,
			);
			name = Products;
			sourceTree = "<group>";
		};
		D0000011 /* Utils */ = {
			isa = PBXGroup;
			children = (
				B1000004 /* Constants.swift */,
				B1000005 /* IsometricMath.swift */,
				B2000001 /* PerlinNoise.swift */,
				B2000002 /* SeededRNG.swift */,
			);
			path = Utils;
			sourceTree = "<group>";
		};
		D0000012 /* Items */ = {
			isa = PBXGroup;
			children = (
				B2000007 /* ItemType.swift */,
				B2000008 /* WorldItem.swift */,
				B2000009 /* SpawnTrigger.swift */,
				B2000010 /* ItemSpawner.swift */,
			);
			path = Items;
			sourceTree = "<group>";
		};
/* End PBXGroup section */

/* Begin PBXNativeTarget section */
		E0000001 /* IsometricRPG */ = {
			isa = PBXNativeTarget;
			buildConfigurationList = F0000003 /* Build configuration list for PBXNativeTarget "IsometricRPG" */;
			buildPhases = (
				C0000002 /* Sources */,
				C0000001 /* Frameworks */,
				C0000003 /* Resources */,
			);
			buildRules = (
			);
			dependencies = (
			);
			name = IsometricRPG;
			productName = IsometricRPG;
			productReference = B0000001 /* IsometricRPG.app */;
			productType = "com.apple.product-type.application";
		};
/* End PBXNativeTarget section */

/* Begin PBXProject section */
		E0000002 /* Project object */ = {
			isa = PBXProject;
			attributes = {
				BuildIndependentTargetsInParallel = 1;
				LastSwiftUpdateCheck = 1500;
				LastUpgradeCheck = 1500;
				TargetAttributes = {
					E0000001 = {
						CreatedOnToolsVersion = 15.0;
					};
				};
			};
			buildConfigurationList = F0000001 /* Build configuration list for PBXProject "IsometricRPG" */;
			compatibilityVersion = "Xcode 14.0";
			developmentRegion = en;
			hasScannedForEncodings = 0;
			knownRegions = (
				en,
				Base,
			);
			mainGroup = D0000001;
			productRefGroup = D0000010 /* Products */;
			projectDirPath = "";
			projectRoot = "";
			targets = (
				E0000001 /* IsometricRPG */,
			);
		};
/* End PBXProject section */

/* Begin PBXResourcesBuildPhase section */
		C0000003 /* Resources */ = {
			isa = PBXResourcesBuildPhase;
			buildActionMask = 2147483647;
			files = (
				A1000015 /* LaunchScreen.storyboard in Resources */,
			);
			runOnlyForDeploymentPostprocessing = 0;
		};
/* End PBXResourcesBuildPhase section */

/* Begin PBXSourcesBuildPhase section */
		C0000002 /* Sources */ = {
			isa = PBXSourcesBuildPhase;
			buildActionMask = 2147483647;
			files = (
				A1000001 /* AppDelegate.swift in Sources */,
				A1000002 /* GameViewController.swift in Sources */,
				A1000003 /* GameScene.swift in Sources */,
				A1000004 /* Constants.swift in Sources */,
				A1000005 /* IsometricMath.swift in Sources */,
				A1000006 /* TileType.swift in Sources */,
				A1000008 /* Entity.swift in Sources */,
				A1000009 /* Player.swift in Sources */,
				A1000010 /* Enemy.swift in Sources */,
				A1000011 /* VirtualJoystick.swift in Sources */,
				A1000012 /* Bullet.swift in Sources */,
				A1000013 /* CombatSystem.swift in Sources */,
				A1000014 /* HUD.swift in Sources */,
				A2000001 /* PerlinNoise.swift in Sources */,
				A2000002 /* SeededRNG.swift in Sources */,
				A2000003 /* ChunkCoord.swift in Sources */,
				A2000004 /* Chunk.swift in Sources */,
				A2000005 /* DungeonGenerator.swift in Sources */,
				A2000006 /* WorldManager.swift in Sources */,
				A2000007 /* ItemType.swift in Sources */,
				A2000008 /* WorldItem.swift in Sources */,
				A2000009 /* SpawnTrigger.swift in Sources */,
				A2000010 /* ItemSpawner.swift in Sources */,
			);
			runOnlyForDeploymentPostprocessing = 0;
		};
/* End PBXSourcesBuildPhase section */

/* Begin XCBuildConfiguration section */
		F1000001 /* Debug */ = {
			isa = XCBuildConfiguration;
			buildSettings = {
				ALWAYS_SEARCH_USER_PATHS = NO;
				ASSETCATALOG_COMPILER_GENERATE_SWIFT_ASSET_SYMBOL_EXTENSIONS = YES;
				CLANG_ANALYZER_NONNULL = YES;
				CLANG_ANALYZER_NUMBER_OBJECT_CONVERSION = YES_AGGRESSIVE;
				CLANG_CXX_LANGUAGE_STANDARD = "gnu++20";
				CLANG_ENABLE_MODULES = YES;
				CLANG_ENABLE_OBJC_ARC = YES;
				CLANG_ENABLE_OBJC_WEAK = YES;
				CLANG_WARN_BLOCK_CAPTURE_AUTORELEASING = YES;
				CLANG_WARN_BOOL_CONVERSION = YES;
				CLANG_WARN_COMMA = YES;
				CLANG_WARN_CONSTANT_CONVERSION = YES;
				CLANG_WARN_DEPRECATED_OBJC_IMPLEMENTATIONS = YES;
				CLANG_WARN_DIRECT_OBJC_ISA_USAGE = YES_ERROR;
				CLANG_WARN_DOCUMENTATION_COMMENTS = YES;
				CLANG_WARN_EMPTY_BODY = YES;
				CLANG_WARN_ENUM_CONVERSION = YES;
				CLANG_WARN_INFINITE_RECURSION = YES;
				CLANG_WARN_INT_CONVERSION = YES;
				CLANG_WARN_NON_LITERAL_NULL_CONVERSION = YES;
				CLANG_WARN_OBJC_IMPLICIT_RETAIN_SELF = YES;
				CLANG_WARN_OBJC_LITERAL_CONVERSION = YES;
				CLANG_WARN_OBJC_ROOT_CLASS = YES_ERROR;
				CLANG_WARN_QUOTED_INCLUDE_IN_FRAMEWORK_HEADER = YES;
				CLANG_WARN_RANGE_LOOP_ANALYSIS = YES;
				CLANG_WARN_STRICT_PROTOTYPES = YES;
				CLANG_WARN_SUSPICIOUS_MOVE = YES;
				CLANG_WARN_UNGUARDED_AVAILABILITY = YES_AGGRESSIVE;
				CLANG_WARN_UNREACHABLE_CODE = YES;
				CLANG_WARN__DUPLICATE_METHOD_MATCH = YES;
				COPY_PHASE_STRIP = NO;
				DEBUG_INFORMATION_FORMAT = dwarf;
				ENABLE_STRICT_OBJC_MSGSEND = YES;
				ENABLE_TESTABILITY = YES;
				ENABLE_USER_SCRIPT_SANDBOXING = YES;
				GCC_C_LANGUAGE_STANDARD = gnu17;
				GCC_DYNAMIC_NO_PIC = NO;
				GCC_NO_COMMON_BLOCKS = YES;
				GCC_OPTIMIZATION_LEVEL = 0;
				GCC_PREPROCESSOR_DEFINITIONS = (
					"DEBUG=1",
					"$(inherited)",
				);
				GCC_WARN_64_TO_32_BIT_CONVERSION = YES;
				GCC_WARN_ABOUT_RETURN_TYPE = YES_ERROR;
				GCC_WARN_UNDECLARED_SELECTOR = YES;
				GCC_WARN_UNINITIALIZED_AUTOS = YES_AGGRESSIVE;
				GCC_WARN_UNUSED_FUNCTION = YES;
				GCC_WARN_UNUSED_VARIABLE = YES;
				IPHONEOS_DEPLOYMENT_TARGET = 16.0;
				MTL_ENABLE_DEBUG_INFO = INCLUDE_SOURCE;
				MTL_FAST_MATH = YES;
				ONLY_ACTIVE_ARCH = YES;
				SDKROOT = iphoneos;
				SWIFT_ACTIVE_COMPILATION_CONDITIONS = "DEBUG $(inherited)";
				SWIFT_OPTIMIZATION_LEVEL = "-Onone";
			};
			name = Debug;
		};
		F1000002 /* Release */ = {
			isa = XCBuildConfiguration;
			buildSettings = {
				ALWAYS_SEARCH_USER_PATHS = NO;
				ASSETCATALOG_COMPILER_GENERATE_SWIFT_ASSET_SYMBOL_EXTENSIONS = YES;
				CLANG_ANALYZER_NONNULL = YES;
				CLANG_ANALYZER_NUMBER_OBJECT_CONVERSION = YES_AGGRESSIVE;
				CLANG_CXX_LANGUAGE_STANDARD = "gnu++20";
				CLANG_ENABLE_MODULES = YES;
				CLANG_ENABLE_OBJC_ARC = YES;
				CLANG_ENABLE_OBJC_WEAK = YES;
				CLANG_WARN_BLOCK_CAPTURE_AUTORELEASING = YES;
				CLANG_WARN_BOOL_CONVERSION = YES;
				CLANG_WARN_COMMA = YES;
				CLANG_WARN_CONSTANT_CONVERSION = YES;
				CLANG_WARN_DEPRECATED_OBJC_IMPLEMENTATIONS = YES;
				CLANG_WARN_DIRECT_OBJC_ISA_USAGE = YES_ERROR;
				CLANG_WARN_DOCUMENTATION_COMMENTS = YES;
				CLANG_WARN_EMPTY_BODY = YES;
				CLANG_WARN_ENUM_CONVERSION = YES;
				CLANG_WARN_INFINITE_RECURSION = YES;
				CLANG_WARN_INT_CONVERSION = YES;
				CLANG_WARN_NON_LITERAL_NULL_CONVERSION = YES;
				CLANG_WARN_OBJC_IMPLICIT_RETAIN_SELF = YES;
				CLANG_WARN_OBJC_LITERAL_CONVERSION = YES;
				CLANG_WARN_OBJC_ROOT_CLASS = YES_ERROR;
				CLANG_WARN_QUOTED_INCLUDE_IN_FRAMEWORK_HEADER = YES;
				CLANG_WARN_RANGE_LOOP_ANALYSIS = YES;
				CLANG_WARN_STRICT_PROTOTYPES = YES;
				CLANG_WARN_SUSPICIOUS_MOVE = YES;
				CLANG_WARN_UNGUARDED_AVAILABILITY = YES_AGGRESSIVE;
				CLANG_WARN_UNREACHABLE_CODE = YES;
				CLANG_WARN__DUPLICATE_METHOD_MATCH = YES;
				COPY_PHASE_STRIP = NO;
				DEBUG_INFORMATION_FORMAT = "dwarf-with-dsym";
				ENABLE_NS_ASSERTIONS = NO;
				ENABLE_STRICT_OBJC_MSGSEND = YES;
				ENABLE_USER_SCRIPT_SANDBOXING = YES;
				GCC_C_LANGUAGE_STANDARD = gnu17;
				GCC_NO_COMMON_BLOCKS = YES;
				GCC_WARN_64_TO_32_BIT_CONVERSION = YES;
				GCC_WARN_ABOUT_RETURN_TYPE = YES_ERROR;
				GCC_WARN_UNDECLARED_SELECTOR = YES;
				GCC_WARN_UNINITIALIZED_AUTOS = YES_AGGRESSIVE;
				GCC_WARN_UNUSED_FUNCTION = YES;
				GCC_WARN_UNUSED_VARIABLE = YES;
				IPHONEOS_DEPLOYMENT_TARGET = 16.0;
				MTL_ENABLE_DEBUG_INFO = NO;
				MTL_FAST_MATH = YES;
				SDKROOT = iphoneos;
				SWIFT_COMPILATION_MODE = wholemodule;
				VALIDATE_PRODUCT = YES;
			};
			name = Release;
		};
		F1000003 /* Debug */ = {
			isa = XCBuildConfiguration;
			buildSettings = {
				ASSETCATALOG_COMPILER_APPICON_NAME = AppIcon;
				CODE_SIGN_STYLE = Automatic;
				CURRENT_PROJECT_VERSION = 1;
				GENERATE_INFOPLIST_FILE = NO;
				INFOPLIST_FILE = IsometricRPG/App/Info.plist;
				INFOPLIST_KEY_UIApplicationSupportsIndirectInputEvents = YES;
				INFOPLIST_KEY_UILaunchStoryboardName = LaunchScreen;
				INFOPLIST_KEY_UISupportedInterfaceOrientations = "UIInterfaceOrientationLandscapeLeft UIInterfaceOrientationLandscapeRight";
				LD_RUNPATH_SEARCH_PATHS = (
					"$(inherited)",
					"@executable_path/Frameworks",
				);
				MARKETING_VERSION = 1.0;
				PRODUCT_BUNDLE_IDENTIFIER = com.isometricrpg.game;
				PRODUCT_NAME = "$(TARGET_NAME)";
				SUPPORTED_PLATFORMS = "iphoneos iphonesimulator";
				SUPPORTS_MACCATALYST = NO;
				SWIFT_EMIT_LOC_STRINGS = YES;
				SWIFT_VERSION = 5.0;
				TARGETED_DEVICE_FAMILY = "1,2";
			};
			name = Debug;
		};
		F1000004 /* Release */ = {
			isa = XCBuildConfiguration;
			buildSettings = {
				ASSETCATALOG_COMPILER_APPICON_NAME = AppIcon;
				CODE_SIGN_STYLE = Automatic;
				CURRENT_PROJECT_VERSION = 1;
				GENERATE_INFOPLIST_FILE = NO;
				INFOPLIST_FILE = IsometricRPG/App/Info.plist;
				INFOPLIST_KEY_UIApplicationSupportsIndirectInputEvents = YES;
				INFOPLIST_KEY_UILaunchStoryboardName = LaunchScreen;
				INFOPLIST_KEY_UISupportedInterfaceOrientations = "UIInterfaceOrientationLandscapeLeft UIInterfaceOrientationLandscapeRight";
				LD_RUNPATH_SEARCH_PATHS = (
					"$(inherited)",
					"@executable_path/Frameworks",
				);
				MARKETING_VERSION = 1.0;
				PRODUCT_BUNDLE_IDENTIFIER = com.isometricrpg.game;
				PRODUCT_NAME = "$(TARGET_NAME)";
				SUPPORTED_PLATFORMS = "iphoneos iphonesimulator";
				SUPPORTS_MACCATALYST = NO;
				SWIFT_EMIT_LOC_STRINGS = YES;
				SWIFT_VERSION = 5.0;
				TARGETED_DEVICE_FAMILY = "1,2";
			};
			name = Release;
		};
/* End XCBuildConfiguration section */

/* Begin XCConfigurationList section */
		F0000001 /* Build configuration list for PBXProject "IsometricRPG" */ = {
			isa = XCConfigurationList;
			buildConfigurations = (
				F1000001 /* Debug */,
				F1000002 /* Release */,
			);
			defaultConfigurationIsVisible = 0;
			defaultConfigurationName = Release;
		};
		F0000003 /* Build configuration list for PBXNativeTarget "IsometricRPG" */ = {
			isa = XCConfigurationList;
			buildConfigurations = (
				F1000003 /* Debug */,
				F1000004 /* Release */,
			);
			defaultConfigurationIsVisible = 0;
			defaultConfigurationName = Release;
		};
/* End XCConfigurationList section */

	};
	rootObject = E0000002 /* Project object */;
}
